
Microsoft Visual Studio Solution File, Format Version 12.00
# Visual Studio Version 17
VisualStudioVersion = 17.9.34407.89
MinimumVisualStudioVersion = 10.0.40219.1
Project("{FAE04EC0-301F-11D3-BF4B-00C04F79EFBC}") = "SyncAsyncExample", "SyncAsyncExample.csproj", "{863AFEA3-919D-43CE-833A-7458E123DAA2}"
EndProject
Global
	GlobalSection(SolutionConfigurationPlatforms) = preSolution
		Debug|Any CPU = Debug|Any CPU
		Release|Any CPU = Release|Any CPU
	EndGlobalSection
	GlobalSection(ProjectConfigurationPlatforms) = postSolution
		{863AFEA3-919D-43CE-833A-7458E123DAA2}.Debug|Any CPU.ActiveCfg = Debug|Any CPU
		{863AFEA3-919D-43CE-833A-7458E123DAA2}.Debug|Any CPU.Build.0 = Debug|Any CPU
		{863AFEA3-919D-43CE-833A-7458E123DAA2}.Release|Any CPU.ActiveCfg = Release|Any CPU
		{863AFEA3-919D-43CE-833A-7458E123DAA2}.Release|Any CPU.Build.0 = Release|Any CPU
	EndGlobalSection
	GlobalSection(SolutionProperties) = preSolution
		HideSolutionNode = FALSE
	EndGlobalSection
	GlobalSection(ExtensibilityGlobals) = postSolution
		SolutionGuid = {C55EA7E7-D85B-4AF5-89F5-EE9073096F31}
	EndGlobalSection
EndGlobal
